
Microsoft Visual Studio Solution File, Format Version 12.00
# Visual Studio 14
VisualStudioVersion = 14.0.25420.1
MinimumVisualStudioVersion = 10.0.40219.1
Project("{FAE04EC0-301F-11D3-BF4B-00C04F79EFBC}") = "FindTotal", "FindTotal\FindTotal.csproj", "{99C5E613-C1DF-4C9A-BC98-C15D6F8299B1}"
EndProject
Project("{FAE04EC0-301F-11D3-BF4B-00C04F79EFBC}") = "TestForGetTotalMethod", "TestForGetTotalMethod\TestForGetTotalMethod.csproj", "{7DE8703E-CF4B-40DF-A836-25FD7090AEE0}"
EndProject
Project("{FAE04EC0-301F-11D3-BF4B-00C04F79EFBC}") = "TestForInsertionData", "TestForInsertionData\TestForInsertionData.csproj", "{45A12EF5-CE7C-40CD-B03E-02C55AF39B0E}"
EndProject
Global
	GlobalSection(SolutionConfigurationPlatforms) = preSolution
		Debug|Any CPU = Debug|Any CPU
		Release|Any CPU = Release|Any CPU
	EndGlobalSection
	GlobalSection(ProjectConfigurationPlatforms) = postSolution
		{99C5E613-C1DF-4C9A-BC98-C15D6F8299B1}.Debug|Any CPU.ActiveCfg = Debug|Any CPU
		{99C5E613-C1DF-4C9A-BC98-C15D6F8299B1}.Debug|Any CPU.Build.0 = Debug|Any CPU
		{99C5E613-C1DF-4C9A-BC98-C15D6F8299B1}.Release|Any CPU.ActiveCfg = Release|Any CPU
		{99C5E613-C1DF-4C9A-BC98-C15D6F8299B1}.Release|Any CPU.Build.0 = Release|Any CPU
		{7DE8703E-CF4B-40DF-A836-25FD7090AEE0}.Debug|Any CPU.ActiveCfg = Debug|Any CPU
		{7DE8703E-CF4B-40DF-A836-25FD7090AEE0}.Debug|Any CPU.Build.0 = Debug|Any CPU
		{7DE8703E-CF4B-40DF-A836-25FD7090AEE0}.Release|Any CPU.ActiveCfg = Release|Any CPU
		{7DE8703E-CF4B-40DF-A836-25FD7090AEE0}.Release|Any CPU.Build.0 = Release|Any CPU
		{45A12EF5-CE7C-40CD-B03E-02C55AF39B0E}.Debug|Any CPU.ActiveCfg = Debug|Any CPU
		{45A12EF5-CE7C-40CD-B03E-02C55AF39B0E}.Debug|Any CPU.Build.0 = Debug|Any CPU
		{45A12EF5-CE7C-40CD-B03E-02C55AF39B0E}.Release|Any CPU.ActiveCfg = Release|Any CPU
		{45A12EF5-CE7C-40CD-B03E-02C55AF39B0E}.Release|Any CPU.Build.0 = Release|Any CPU
	EndGlobalSection
	GlobalSection(SolutionProperties) = preSolution
		HideSolutionNode = FALSE
	EndGlobalSection
EndGlobal
